
Microsoft Visual Studio Solution File, Format Version 12.00
Project("{FAE04EC0-301F-11D3-BF4B-00C04F79EFBC}") = "CustomRunsUnlock", "CustomRunsUnlock.csproj", "{485574BC-0766-4F54-A9BD-D9DEC40F7E68}"
EndProject
Global
	GlobalSection(SolutionConfigurationPlatforms) = preSolution
		Debug|Any CPU = Debug|Any CPU
		ExportDebug|Any CPU = ExportDebug|Any CPU
		ExportRelease|Any CPU = ExportRelease|Any CPU
	EndGlobalSection
	GlobalSection(ProjectConfigurationPlatforms) = postSolution
		{485574BC-0766-4F54-A9BD-D9DEC40F7E68}.Debug|Any CPU.ActiveCfg = Debug|Any CPU
		{485574BC-0766-4F54-A9BD-D9DEC40F7E68}.Debug|Any CPU.Build.0 = Debug|Any CPU
		{485574BC-0766-4F54-A9BD-D9DEC40F7E68}.ExportDebug|Any CPU.ActiveCfg = ExportDebug|Any CPU
		{485574BC-0766-4F54-A9BD-D9DEC40F7E68}.ExportDebug|Any CPU.Build.0 = ExportDebug|Any CPU
		{485574BC-0766-4F54-A9BD-D9DEC40F7E68}.ExportRelease|Any CPU.ActiveCfg = ExportRelease|Any CPU
		{485574BC-0766-4F54-A9BD-D9DEC40F7E68}.ExportRelease|Any CPU.Build.0 = ExportRelease|Any CPU
	EndGlobalSection
EndGlobal
